{
  "originHash" : "d7771eeef0281f4d0036f193aa5b62744740819db20cff4900d7d08959aa1c38",
  "pins" : [
    {
      "identity" : "cwlcatchexception",
      "kind" : "remoteSourceControl",
      "location" : "https://github.com/mattgallagher/CwlCatchException.git",
      "state" : {
        "revision" : "07b2ba21d361c223e25e3c1e924288742923f08c",
        "version" : "2.2.1"
      }
    },
    {
      "identity" : "cwlpreconditiontesting",
      "kind" : "remoteSourceControl",
      "location" : "https://github.com/mattgallagher/CwlPreconditionTesting.git",
      "state" : {
        "revision" : "0139c665ebb45e6a9fbdb68aabfd7c39f3fe0071",
        "version" : "2.2.2"
      }
    },
    {
      "identity" : "nimble",
      "kind" : "remoteSourceControl",
      "location" : "https://github.com/Quick/Nimble.git",
      "state" : {
        "revision" : "eb5e3d717224fa0d1f6aff3fc2c5e8e81fa1f728",
        "version" : "11.2.2"
      }
    },
    {
      "identity" : "quick",
      "kind" : "remoteSourceControl",
      "location" : "https://github.com/Quick/Quick.git",
      "state" : {
        "revision" : "16910e406be96e08923918315388c3e989deac9e",
        "version" : "6.1.0"
      }
    }
  ],
  "version" : 3
}
